
Microsoft Visual Studio Solution File, Format Version 12.00
# Visual Studio Version 16
VisualStudioVersion = 16.0.31313.79
MinimumVisualStudioVersion = 10.0.40219.1
Project("{FAE04EC0-301F-11D3-BF4B-00C04F79EFBC}") = "Exceptions", "Exceptions\Exceptions.csproj", "{D75B428F-12DF-416C-9978-D6522A5C6747}"
EndProject
Global
	GlobalSection(SolutionConfigurationPlatforms) = preSolution
		Debug|Any CPU = Debug|Any CPU
		Release|Any CPU = Release|Any CPU
	EndGlobalSection
	GlobalSection(ProjectConfigurationPlatforms) = postSolution
		{D75B428F-12DF-416C-9978-D6522A5C6747}.Debug|Any CPU.ActiveCfg = Debug|Any CPU
		{D75B428F-12DF-416C-9978-D6522A5C6747}.Debug|Any CPU.Build.0 = Debug|Any CPU
		{D75B428F-12DF-416C-9978-D6522A5C6747}.Release|Any CPU.ActiveCfg = Release|Any CPU
		{D75B428F-12DF-416C-9978-D6522A5C6747}.Release|Any CPU.Build.0 = Release|Any CPU
	EndGlobalSection
	GlobalSection(SolutionProperties) = preSolution
		HideSolutionNode = FALSE
	EndGlobalSection
	GlobalSection(ExtensibilityGlobals) = postSolution
		SolutionGuid = {2F4129C1-C58E-4C69-8818-59962ED77A73}
	EndGlobalSection
EndGlobal
